// !$*UTF8*$!
{
	archiveVersion = 1;
	classes = {
	};
	objectVersion = 55;
	objects = {

/* Begin PBXBuildFile section */
		DE2F010B266FFA2E000CFA70 /* SwiftUI3App.swift in Sources */ = {isa = PBXBuildFile; fileRef = DE2F010A266FFA2E000CFA70 /* SwiftUI3App.swift */; };
		DE2F010F266FFA30000CFA70 /* Assets.xcassets in Resources */ = {isa = PBXBuildFile; fileRef = DE2F010E266FFA30000CFA70 /* Assets.xcassets */; };
		DE2F0112266FFA30000CFA70 /* Preview Assets.xcassets in Resources */ = {isa = PBXBuildFile; fileRef = DE2F0111266FFA30000CFA70 /* Preview Assets.xcassets */; };
		DE2F0124266FFB25000CFA70 /* ContentView.swift in Sources */ = {isa = PBXBuildFile; fileRef = DE2F0123266FFB25000CFA70 /* ContentView.swift */; };
		DE2F0138266FFB39000CFA70 /* AutocompleteSearchable.swift in Sources */ = {isa = PBXBuildFile; fileRef = DE2F0127266FFB39000CFA70 /* AutocompleteSearchable.swift */; };
		DE2F0139266FFB39000CFA70 /* SearchableView.swift in Sources */ = {isa = PBXBuildFile; fileRef = DE2F0128266FFB39000CFA70 /* SearchableView.swift */; };
		DE2F013A266FFB39000CFA70 /* Menus.swift in Sources */ = {isa = PBXBuildFile; fileRef = DE2F0129266FFB39000CFA70 /* Menus.swift */; };
		DE2F013B266FFB39000CFA70 /* AsyncPullToRefresh.swift in Sources */ = {isa = PBXBuildFile; fileRef = DE2F012A266FFB39000CFA70 /* AsyncPullToRefresh.swift */; };
		DE2F013C266FFB39000CFA70 /* SheetNews.swift in Sources */ = {isa = PBXBuildFile; fileRef = DE2F012C266FFB39000CFA70 /* SheetNews.swift */; };
		DE2F013D266FFB39000CFA70 /* AlertNews.swift in Sources */ = {isa = PBXBuildFile; fileRef = DE2F012D266FFB39000CFA70 /* AlertNews.swift */; };
		DE2F013E266FFB39000CFA70 /* SwipeActions.swift in Sources */ = {isa = PBXBuildFile; fileRef = DE2F012E266FFB39000CFA70 /* SwipeActions.swift */; };
		DE2F013F266FFB39000CFA70 /* Badges.swift in Sources */ = {isa = PBXBuildFile; fileRef = DE2F012F266FFB39000CFA70 /* Badges.swift */; };
		DE2F0140266FFB39000CFA70 /* ListSeparators.swift in Sources */ = {isa = PBXBuildFile; fileRef = DE2F0130266FFB39000CFA70 /* ListSeparators.swift */; };
		DE2F0141266FFB39000CFA70 /* ForegroundStyles.swift in Sources */ = {isa = PBXBuildFile; fileRef = DE2F0131266FFB39000CFA70 /* ForegroundStyles.swift */; };
		DE2F0142266FFB39000CFA70 /* OnSubmit.swift in Sources */ = {isa = PBXBuildFile; fileRef = DE2F0133266FFB39000CFA70 /* OnSubmit.swift */; };
		DE2F0143266FFB39000CFA70 /* KeyboardControls.swift in Sources */ = {isa = PBXBuildFile; fileRef = DE2F0134266FFB39000CFA70 /* KeyboardControls.swift */; };
		DE2F0144266FFB39000CFA70 /* Markdown.swift in Sources */ = {isa = PBXBuildFile; fileRef = DE2F0135266FFB39000CFA70 /* Markdown.swift */; };
		DE2F0145266FFB39000CFA70 /* Materials.swift in Sources */ = {isa = PBXBuildFile; fileRef = DE2F0136266FFB39000CFA70 /* Materials.swift */; };
		DE2F0146266FFB39000CFA70 /* AsyncImageView.swift in Sources */ = {isa = PBXBuildFile; fileRef = DE2F0137266FFB39000CFA70 /* AsyncImageView.swift */; };
		DE2F014A266FFB8F000CFA70 /* Item.swift in Sources */ = {isa = PBXBuildFile; fileRef = DE2F0149266FFB8F000CFA70 /* Item.swift */; };
/* End PBXBuildFile section */

/* Begin PBXFileReference section */
		DE2F0107266FFA2E000CFA70 /* SwiftUI3.app */ = {isa = PBXFileReference; explicitFileType = wrapper.application; includeInIndex = 0; path = SwiftUI3.app; sourceTree = BUILT_PRODUCTS_DIR; };
		DE2F010A266FFA2E000CFA70 /* SwiftUI3App.swift */ = {isa = PBXFileReference; lastKnownFileType = sourcecode.swift; path = SwiftUI3App.swift; sourceTree = "<group>"; };
		DE2F010E266FFA30000CFA70 /* Assets.xcassets */ = {isa = PBXFileReference; lastKnownFileType = folder.assetcatalog; path = Assets.xcassets; sourceTree = "<group>"; };
		DE2F0111266FFA30000CFA70 /* Preview Assets.xcassets */ = {isa = PBXFileReference; lastKnownFileType = folder.assetcatalog; path = "Preview Assets.xcassets"; sourceTree = "<group>"; };
		DE2F0123266FFB25000CFA70 /* ContentView.swift */ = {isa = PBXFileReference; fileEncoding = 4; lastKnownFileType = sourcecode.swift; path = ContentView.swift; sourceTree = "<group>"; };
		DE2F0127266FFB39000CFA70 /* AutocompleteSearchable.swift */ = {isa = PBXFileReference; fileEncoding = 4; lastKnownFileType = sourcecode.swift; path = AutocompleteSearchable.swift; sourceTree = "<group>"; };
		DE2F0128266FFB39000CFA70 /* SearchableView.swift */ = {isa = PBXFileReference; fileEncoding = 4; lastKnownFileType = sourcecode.swift; path = SearchableView.swift; sourceTree = "<group>"; };
		DE2F0129266FFB39000CFA70 /* Menus.swift */ = {isa = PBXFileReference; fileEncoding = 4; lastKnownFileType = sourcecode.swift; path = Menus.swift; sourceTree = "<group>"; };
		DE2F012A266FFB39000CFA70 /* AsyncPullToRefresh.swift */ = {isa = PBXFileReference; fileEncoding = 4; lastKnownFileType = sourcecode.swift; path = AsyncPullToRefresh.swift; sourceTree = "<group>"; };
		DE2F012C266FFB39000CFA70 /* SheetNews.swift */ = {isa = PBXFileReference; fileEncoding = 4; lastKnownFileType = sourcecode.swift; path = SheetNews.swift; sourceTree = "<group>"; };
		DE2F012D266FFB39000CFA70 /* AlertNews.swift */ = {isa = PBXFileReference; fileEncoding = 4; lastKnownFileType = sourcecode.swift; path = AlertNews.swift; sourceTree = "<group>"; };
		DE2F012E266FFB39000CFA70 /* SwipeActions.swift */ = {isa = PBXFileReference; fileEncoding = 4; lastKnownFileType = sourcecode.swift; path = SwipeActions.swift; sourceTree = "<group>"; };
		DE2F012F266FFB39000CFA70 /* Badges.swift */ = {isa = PBXFileReference; fileEncoding = 4; lastKnownFileType = sourcecode.swift; path = Badges.swift; sourceTree = "<group>"; };
		DE2F0130266FFB39000CFA70 /* ListSeparators.swift */ = {isa = PBXFileReference; fileEncoding = 4; lastKnownFileType = sourcecode.swift; path = ListSeparators.swift; sourceTree = "<group>"; };
		DE2F0131266FFB39000CFA70 /* ForegroundStyles.swift */ = {isa = PBXFileReference; fileEncoding = 4; lastKnownFileType = sourcecode.swift; path = ForegroundStyles.swift; sourceTree = "<group>"; };
		DE2F0133266FFB39000CFA70 /* OnSubmit.swift */ = {isa = PBXFileReference; fileEncoding = 4; lastKnownFileType = sourcecode.swift; path = OnSubmit.swift; sourceTree = "<group>"; };
		DE2F0134266FFB39000CFA70 /* KeyboardControls.swift */ = {isa = PBXFileReference; fileEncoding = 4; lastKnownFileType = sourcecode.swift; path = KeyboardControls.swift; sourceTree = "<group>"; };
		DE2F0135266FFB39000CFA70 /* Markdown.swift */ = {isa = PBXFileReference; fileEncoding = 4; lastKnownFileType = sourcecode.swift; path = Markdown.swift; sourceTree = "<group>"; };
		DE2F0136266FFB39000CFA70 /* Materials.swift */ = {isa = PBXFileReference; fileEncoding = 4; lastKnownFileType = sourcecode.swift; path = Materials.swift; sourceTree = "<group>"; };
		DE2F0137266FFB39000CFA70 /* AsyncImageView.swift */ = {isa = PBXFileReference; fileEncoding = 4; lastKnownFileType = sourcecode.swift; path = AsyncImageView.swift; sourceTree = "<group>"; };
		DE2F0149266FFB8F000CFA70 /* Item.swift */ = {isa = PBXFileReference; fileEncoding = 4; lastKnownFileType = sourcecode.swift; path = Item.swift; sourceTree = "<group>"; };
		DE2F014B266FFC60000CFA70 /* README.md */ = {isa = PBXFileReference; lastKnownFileType = net.daringfireball.markdown; path = README.md; sourceTree = "<group>"; };
/* End PBXFileReference section */

/* Begin PBXFrameworksBuildPhase section */
		DE2F0104266FFA2E000CFA70 /* Frameworks */ = {
			isa = PBXFrameworksBuildPhase;
			buildActionMask = 2147483647;
			files = (
			);
			runOnlyForDeploymentPostprocessing = 0;
		};
/* End PBXFrameworksBuildPhase section */

/* Begin PBXGroup section */
		DE2F00FE266FFA2E000CFA70 = {
			isa = PBXGroup;
			children = (
				DE2F014B266FFC60000CFA70 /* README.md */,
				DE2F0109266FFA2E000CFA70 /* SwiftUI3 */,
				DE2F0108266FFA2E000CFA70 /* Products */,
			);
			sourceTree = "<group>";
		};
		DE2F0108266FFA2E000CFA70 /* Products */ = {
			isa = PBXGroup;
			children = (
				DE2F0107266FFA2E000CFA70 /* SwiftUI3.app */,
			);
			name = Products;
			sourceTree = "<group>";
		};
		DE2F0109266FFA2E000CFA70 /* SwiftUI3 */ = {
			isa = PBXGroup;
			children = (
				DE2F010A266FFA2E000CFA70 /* SwiftUI3App.swift */,
				DE2F0123266FFB25000CFA70 /* ContentView.swift */,
				DE2F0149266FFB8F000CFA70 /* Item.swift */,
				DE2F0125266FFB39000CFA70 /* SwiftUI 3 */,
				DE2F010E266FFA30000CFA70 /* Assets.xcassets */,
				DE2F0110266FFA30000CFA70 /* Preview Content */,
			);
			path = SwiftUI3;
			sourceTree = "<group>";
		};
		DE2F0110266FFA30000CFA70 /* Preview Content */ = {
			isa = PBXGroup;
			children = (
				DE2F0111266FFA30000CFA70 /* Preview Assets.xcassets */,
			);
			path = "Preview Content";
			sourceTree = "<group>";
		};
		DE2F0125266FFB39000CFA70 /* SwiftUI 3 */ = {
			isa = PBXGroup;
			children = (
				DE2F0126266FFB39000CFA70 /* Searchable */,
				DE2F0129266FFB39000CFA70 /* Menus.swift */,
				DE2F012A266FFB39000CFA70 /* AsyncPullToRefresh.swift */,
				DE2F012B266FFB39000CFA70 /* Sheets and Alerts */,
				DE2F012E266FFB39000CFA70 /* SwipeActions.swift */,
				DE2F012F266FFB39000CFA70 /* Badges.swift */,
				DE2F0130266FFB39000CFA70 /* ListSeparators.swift */,
				DE2F0131266FFB39000CFA70 /* ForegroundStyles.swift */,
				DE2F0132266FFB39000CFA70 /* Form Controls */,
				DE2F0135266FFB39000CFA70 /* Markdown.swift */,
				DE2F0136266FFB39000CFA70 /* Materials.swift */,
				DE2F0137266FFB39000CFA70 /* AsyncImageView.swift */,
			);
			path = "SwiftUI 3";
			sourceTree = "<group>";
		};
		DE2F0126266FFB39000CFA70 /* Searchable */ = {
			isa = PBXGroup;
			children = (
				DE2F0127266FFB39000CFA70 /* AutocompleteSearchable.swift */,
				DE2F0128266FFB39000CFA70 /* SearchableView.swift */,
			);
			path = Searchable;
			sourceTree = "<group>";
		};
		DE2F012B266FFB39000CFA70 /* Sheets and Alerts */ = {
			isa = PBXGroup;
			children = (
				DE2F012C266FFB39000CFA70 /* SheetNews.swift */,
				DE2F012D266FFB39000CFA70 /* AlertNews.swift */,
			);
			path = "Sheets and Alerts";
			sourceTree = "<group>";
		};
		DE2F0132266FFB39000CFA70 /* Form Controls */ = {
			isa = PBXGroup;
			children = (
				DE2F0133266FFB39000CFA70 /* OnSubmit.swift */,
				DE2F0134266FFB39000CFA70 /* KeyboardControls.swift */,
			);
			path = "Form Controls";
			sourceTree = "<group>";
		};
/* End PBXGroup section */

/* Begin PBXNativeTarget section */
		DE2F0106266FFA2E000CFA70 /* SwiftUI3 */ = {
			isa = PBXNativeTarget;
			buildConfigurationList = DE2F0115266FFA30000CFA70 /* Build configuration list for PBXNativeTarget "SwiftUI3" */;
			buildPhases = (
				DE2F0103266FFA2E000CFA70 /* Sources */,
				DE2F0104266FFA2E000CFA70 /* Frameworks */,
				DE2F0105266FFA2E000CFA70 /* Resources */,
			);
			buildRules = (
			);
			dependencies = (
			);
			name = SwiftUI3;
			productName = SwiftUI3;
			productReference = DE2F0107266FFA2E000CFA70 /* SwiftUI3.app */;
			productType = "com.apple.product-type.application";
		};
/* End PBXNativeTarget section */

/* Begin PBXProject section */
		DE2F00FF266FFA2E000CFA70 /* Project object */ = {
			isa = PBXProject;
			attributes = {
				BuildIndependentTargetsInParallel = 1;
				LastSwiftUpdateCheck = 1300;
				LastUpgradeCheck = 1300;
				TargetAttributes = {
					DE2F0106266FFA2E000CFA70 = {
						CreatedOnToolsVersion = 13.0;
					};
				};
			};
			buildConfigurationList = DE2F0102266FFA2E000CFA70 /* Build configuration list for PBXProject "SwiftUI3" */;
			compatibilityVersion = "Xcode 13.0";
			developmentRegion = en;
			hasScannedForEncodings = 0;
			knownRegions = (
				en,
				Base,
			);
			mainGroup = DE2F00FE266FFA2E000CFA70;
			productRefGroup = DE2F0108266FFA2E000CFA70 /* Products */;
			projectDirPath = "";
			projectRoot = "";
			targets = (
				DE2F0106266FFA2E000CFA70 /* SwiftUI3 */,
			);
		};
/* End PBXProject section */

/* Begin PBXResourcesBuildPhase section */
		DE2F0105266FFA2E000CFA70 /* Resources */ = {
			isa = PBXResourcesBuildPhase;
			buildActionMask = 2147483647;
			files = (
				DE2F0112266FFA30000CFA70 /* Preview Assets.xcassets in Resources */,
				DE2F010F266FFA30000CFA70 /* Assets.xcassets in Resources */,
			);
			runOnlyForDeploymentPostprocessing = 0;
		};
/* End PBXResourcesBuildPhase section */

/* Begin PBXSourcesBuildPhase section */
		DE2F0103266FFA2E000CFA70 /* Sources */ = {
			isa = PBXSourcesBuildPhase;
			buildActionMask = 2147483647;
			files = (
				DE2F013C266FFB39000CFA70 /* SheetNews.swift in Sources */,
				DE2F013B266FFB39000CFA70 /* AsyncPullToRefresh.swift in Sources */,
				DE2F013F266FFB39000CFA70 /* Badges.swift in Sources */,
				DE2F013D266FFB39000CFA70 /* AlertNews.swift in Sources */,
				DE2F0143266FFB39000CFA70 /* KeyboardControls.swift in Sources */,
				DE2F0146266FFB39000CFA70 /* AsyncImageView.swift in Sources */,
				DE2F0141266FFB39000CFA70 /* ForegroundStyles.swift in Sources */,
				DE2F0145266FFB39000CFA70 /* Materials.swift in Sources */,
				DE2F0139266FFB39000CFA70 /* SearchableView.swift in Sources */,
				DE2F0142266FFB39000CFA70 /* OnSubmit.swift in Sources */,
				DE2F014A266FFB8F000CFA70 /* Item.swift in Sources */,
				DE2F013A266FFB39000CFA70 /* Menus.swift in Sources */,
				DE2F0140266FFB39000CFA70 /* ListSeparators.swift in Sources */,
				DE2F013E266FFB39000CFA70 /* SwipeActions.swift in Sources */,
				DE2F0144266FFB39000CFA70 /* Markdown.swift in Sources */,
				DE2F010B266FFA2E000CFA70 /* SwiftUI3App.swift in Sources */,
				DE2F0124266FFB25000CFA70 /* ContentView.swift in Sources */,
				DE2F0138266FFB39000CFA70 /* AutocompleteSearchable.swift in Sources */,
			);
			runOnlyForDeploymentPostprocessing = 0;
		};
/* End PBXSourcesBuildPhase section */

/* Begin XCBuildConfiguration section */
		DE2F0113266FFA30000CFA70 /* Debug */ = {
			isa = XCBuildConfiguration;
			buildSettings = {
				ALWAYS_SEARCH_USER_PATHS = NO;
				CLANG_ANALYZER_NONNULL = YES;
				CLANG_ANALYZER_NUMBER_OBJECT_CONVERSION = YES_AGGRESSIVE;
				CLANG_CXX_LANGUAGE_STANDARD = "gnu++14";
				CLANG_CXX_LIBRARY = "libc++";
				CLANG_ENABLE_MODULES = YES;
				CLANG_ENABLE_OBJC_ARC = YES;
				CLANG_ENABLE_OBJC_WEAK = YES;
				CLANG_WARN_BLOCK_CAPTURE_AUTORELEASING = YES;
				CLANG_WARN_BOOL_CONVERSION = YES;
				CLANG_WARN_COMMA = YES;
				CLANG_WARN_CONSTANT_CONVERSION = YES;
				CLANG_WARN_DEPRECATED_OBJC_IMPLEMENTATIONS = YES;
				CLANG_WARN_DIRECT_OBJC_ISA_USAGE = YES_ERROR;
				CLANG_WARN_DOCUMENTATION_COMMENTS = YES;
				CLANG_WARN_EMPTY_BODY = YES;
				CLANG_WARN_ENUM_CONVERSION = YES;
				CLANG_WARN_INFINITE_RECURSION = YES;
				CLANG_WARN_INT_CONVERSION = YES;
				CLANG_WARN_NON_LITERAL_NULL_CONVERSION = YES;
				CLANG_WARN_OBJC_IMPLICIT_RETAIN_SELF = YES;
				CLANG_WARN_OBJC_LITERAL_CONVERSION = YES;
				CLANG_WARN_OBJC_ROOT_CLASS = YES_ERROR;
				CLANG_WARN_QUOTED_INCLUDE_IN_FRAMEWORK_HEADER = YES;
				CLANG_WARN_RANGE_LOOP_ANALYSIS = YES;
				CLANG_WARN_STRICT_PROTOTYPES = YES;
				CLANG_WARN_SUSPICIOUS_MOVE = YES;
				CLANG_WARN_UNGUARDED_AVAILABILITY = YES_AGGRESSIVE;
				CLANG_WARN_UNREACHABLE_CODE = YES;
				CLANG_WARN__DUPLICATE_METHOD_MATCH = YES;
				COPY_PHASE_STRIP = NO;
				DEBUG_INFORMATION_FORMAT = dwarf;
				ENABLE_STRICT_OBJC_MSGSEND = YES;
				ENABLE_TESTABILITY = YES;
				GCC_C_LANGUAGE_STANDARD = gnu11;
				GCC_DYNAMIC_NO_PIC = NO;
				GCC_NO_COMMON_BLOCKS = YES;
				GCC_OPTIMIZATION_LEVEL = 0;
				GCC_PREPROCESSOR_DEFINITIONS = (
					"DEBUG=1",
					"$(inherited)",
				);
				GCC_WARN_64_TO_32_BIT_CONVERSION = YES;
				GCC_WARN_ABOUT_RETURN_TYPE = YES_ERROR;
				GCC_WARN_UNDECLARED_SELECTOR = YES;
				GCC_WARN_UNINITIALIZED_AUTOS = YES_AGGRESSIVE;
				GCC_WARN_UNUSED_FUNCTION = YES;
				GCC_WARN_UNUSED_VARIABLE = YES;
				IPHONEOS_DEPLOYMENT_TARGET = 15.0;
				MTL_ENABLE_DEBUG_INFO = INCLUDE_SOURCE;
				MTL_FAST_MATH = YES;
				ONLY_ACTIVE_ARCH = YES;
				SDKROOT = iphoneos;
				SWIFT_ACTIVE_COMPILATION_CONDITIONS = DEBUG;
				SWIFT_OPTIMIZATION_LEVEL = "-Onone";
			};
			name = Debug;
		};
		DE2F0114266FFA30000CFA70 /* Release */ = {
			isa = XCBuildConfiguration;
			buildSettings = {
				ALWAYS_SEARCH_USER_PATHS = NO;
				CLANG_ANALYZER_NONNULL = YES;
				CLANG_ANALYZER_NUMBER_OBJECT_CONVERSION = YES_AGGRESSIVE;
				CLANG_CXX_LANGUAGE_STANDARD = "gnu++14";
				CLANG_CXX_LIBRARY = "libc++";
				CLANG_ENABLE_MODULES = YES;
				CLANG_ENABLE_OBJC_ARC = YES;
				CLANG_ENABLE_OBJC_WEAK = YES;
				CLANG_WARN_BLOCK_CAPTURE_AUTORELEASING = YES;
				CLANG_WARN_BOOL_CONVERSION = YES;
				CLANG_WARN_COMMA = YES;
				CLANG_WARN_CONSTANT_CONVERSION = YES;
				CLANG_WARN_DEPRECATED_OBJC_IMPLEMENTATIONS = YES;
				CLANG_WARN_DIRECT_OBJC_ISA_USAGE = YES_ERROR;
				CLANG_WARN_DOCUMENTATION_COMMENTS = YES;
				CLANG_WARN_EMPTY_BODY = YES;
				CLANG_WARN_ENUM_CONVERSION = YES;
				CLANG_WARN_INFINITE_RECURSION = YES;
				CLANG_WARN_INT_CONVERSION = YES;
				CLANG_WARN_NON_LITERAL_NULL_CONVERSION = YES;
				CLANG_WARN_OBJC_IMPLICIT_RETAIN_SELF = YES;
				CLANG_WARN_OBJC_LITERAL_CONVERSION = YES;
				CLANG_WARN_OBJC_ROOT_CLASS = YES_ERROR;
				CLANG_WARN_QUOTED_INCLUDE_IN_FRAMEWORK_HEADER = YES;
				CLANG_WARN_RANGE_LOOP_ANALYSIS = YES;
				CLANG_WARN_STRICT_PROTOTYPES = YES;
				CLANG_WARN_SUSPICIOUS_MOVE = YES;
				CLANG_WARN_UNGUARDED_AVAILABILITY = YES_AGGRESSIVE;
				CLANG_WARN_UNREACHABLE_CODE = YES;
				CLANG_WARN__DUPLICATE_METHOD_MATCH = YES;
				COPY_PHASE_STRIP = NO;
				DEBUG_INFORMATION_FORMAT = "dwarf-with-dsym";
				ENABLE_NS_ASSERTIONS = NO;
				ENABLE_STRICT_OBJC_MSGSEND = YES;
				GCC_C_LANGUAGE_STANDARD = gnu11;
				GCC_NO_COMMON_BLOCKS = YES;
				GCC_WARN_64_TO_32_BIT_CONVERSION = YES;
				GCC_WARN_ABOUT_RETURN_TYPE = YES_ERROR;
				GCC_WARN_UNDECLARED_SELECTOR = YES;
				GCC_WARN_UNINITIALIZED_AUTOS = YES_AGGRESSIVE;
				GCC_WARN_UNUSED_FUNCTION = YES;
				GCC_WARN_UNUSED_VARIABLE = YES;
				IPHONEOS_DEPLOYMENT_TARGET = 15.0;
				MTL_ENABLE_DEBUG_INFO = NO;
				MTL_FAST_MATH = YES;
				SDKROOT = iphoneos;
				SWIFT_COMPILATION_MODE = wholemodule;
				SWIFT_OPTIMIZATION_LEVEL = "-O";
				VALIDATE_PRODUCT = YES;
			};
			name = Release;
		};
		DE2F0116266FFA30000CFA70 /* Debug */ = {
			isa = XCBuildConfiguration;
			buildSettings = {
				ASSETCATALOG_COMPILER_APPICON_NAME = AppIcon;
				ASSETCATALOG_COMPILER_GLOBAL_ACCENT_COLOR_NAME = AccentColor;
				CODE_SIGN_STYLE = Automatic;
				CURRENT_PROJECT_VERSION = 1;
				DEVELOPMENT_ASSET_PATHS = "\"SwiftUI3/Preview Content\"";
				DEVELOPMENT_TEAM = P4L2M42FLR;
				ENABLE_PREVIEWS = YES;
				GENERATE_INFOPLIST_FILE = YES;
				INFOPLIST_KEY_UIApplicationSceneManifest_Generation = YES;
				INFOPLIST_KEY_UIApplicationSupportsIndirectInputEvents = YES;
				INFOPLIST_KEY_UILaunchScreen_Generation = YES;
				INFOPLIST_KEY_UISupportedInterfaceOrientations_iPad = "UIInterfaceOrientationPortrait UIInterfaceOrientationPortraitUpsideDown UIInterfaceOrientationLandscapeLeft UIInterfaceOrientationLandscapeRight";
				INFOPLIST_KEY_UISupportedInterfaceOrientations_iPhone = "UIInterfaceOrientationPortrait UIInterfaceOrientationLandscapeLeft UIInterfaceOrientationLandscapeRight";
				IPHONEOS_DEPLOYMENT_TARGET = 15.0;
				LD_RUNPATH_SEARCH_PATHS = (
					"$(inherited)",
					"@executable_path/Frameworks",
				);
				MARKETING_VERSION = 1.0;
				PRODUCT_BUNDLE_IDENTIFIER = dev.jakcharvat.SwiftUI3;
				PRODUCT_NAME = "$(TARGET_NAME)";
				SWIFT_EMIT_LOC_STRINGS = YES;
				SWIFT_VERSION = 5.0;
				TARGETED_DEVICE_FAMILY = "1,2";
			};
			name = Debug;
		};
		DE2F0117266FFA30000CFA70 /* Release */ = {
			isa = XCBuildConfiguration;
			buildSettings = {
				ASSETCATALOG_COMPILER_APPICON_NAME = AppIcon;
				ASSETCATALOG_COMPILER_GLOBAL_ACCENT_COLOR_NAME = AccentColor;
				CODE_SIGN_STYLE = Automatic;
				CURRENT_PROJECT_VERSION = 1;
				DEVELOPMENT_ASSET_PATHS = "\"SwiftUI3/Preview Content\"";
				DEVELOPMENT_TEAM = P4L2M42FLR;
				ENABLE_PREVIEWS = YES;
				GENERATE_INFOPLIST_FILE = YES;
				INFOPLIST_KEY_UIApplicationSceneManifest_Generation = YES;
				INFOPLIST_KEY_UIApplicationSupportsIndirectInputEvents = YES;
				INFOPLIST_KEY_UILaunchScreen_Generation = YES;
				INFOPLIST_KEY_UISupportedInterfaceOrientations_iPad = "UIInterfaceOrientationPortrait UIInterfaceOrientationPortraitUpsideDown UIInterfaceOrientationLandscapeLeft UIInterfaceOrientationLandscapeRight";
				INFOPLIST_KEY_UISupportedInterfaceOrientations_iPhone = "UIInterfaceOrientationPortrait UIInterfaceOrientationLandscapeLeft UIInterfaceOrientationLandscapeRight";
				IPHONEOS_DEPLOYMENT_TARGET = 15.0;
				LD_RUNPATH_SEARCH_PATHS = (
					"$(inherited)",
					"@executable_path/Frameworks",
				);
				MARKETING_VERSION = 1.0;
				PRODUCT_BUNDLE_IDENTIFIER = dev.jakcharvat.SwiftUI3;
				PRODUCT_NAME = "$(TARGET_NAME)";
				SWIFT_EMIT_LOC_STRINGS = YES;
				SWIFT_VERSION = 5.0;
				TARGETED_DEVICE_FAMILY = "1,2";
			};
			name = Release;
		};
/* End XCBuildConfiguration section */

/* Begin XCConfigurationList section */
		DE2F0102266FFA2E000CFA70 /* Build configuration list for PBXProject "SwiftUI3" */ = {
			isa = XCConfigurationList;
			buildConfigurations = (
				DE2F0113266FFA30000CFA70 /* Debug */,
				DE2F0114266FFA30000CFA70 /* Release */,
			);
			defaultConfigurationIsVisible = 0;
			defaultConfigurationName = Release;
		};
		DE2F0115266FFA30000CFA70 /* Build configuration list for PBXNativeTarget "SwiftUI3" */ = {
			isa = XCConfigurationList;
			buildConfigurations = (
				DE2F0116266FFA30000CFA70 /* Debug */,
				DE2F0117266FFA30000CFA70 /* Release */,
			);
			defaultConfigurationIsVisible = 0;
			defaultConfigurationName = Release;
		};
/* End XCConfigurationList section */
	};
	rootObject = DE2F00FF266FFA2E000CFA70 /* Project object */;
}
